
Microsoft Visual Studio Solution File, Format Version 12.00
# Visual Studio Version 17
VisualStudioVersion = 17.10.35013.160
MinimumVisualStudioVersion = 10.0.40219.1
Project("{9A19103F-16F7-4668-BE54-9A1E7A4F7556}") = "Presentation", "Presentation\Presentation.csproj", "{FAB326E3-710A-49A2-86EE-D90E859E99B9}"
EndProject
Project("{FAE04EC0-301F-11D3-BF4B-00C04F79EFBC}") = "Infrastructure", "Infrastructure\Infrastructure.csproj", "{9654F2D0-D4B5-45E7-A654-2D5BA1216175}"
EndProject
Project("{FAE04EC0-301F-11D3-BF4B-00C04F79EFBC}") = "Domain", "Domain\Domain.csproj", "{2C3F86D0-65AB-4020-9E54-A79B6EDB66E6}"
EndProject
Project("{FAE04EC0-301F-11D3-BF4B-00C04F79EFBC}") = "Application", "Application\Application.csproj", "{C140B146-CBD9-4C4D-9B61-D10085C1D5FA}"
EndProject
Global
	GlobalSection(SolutionConfigurationPlatforms) = preSolution
		Debug|Any CPU = Debug|Any CPU
		Release|Any CPU = Release|Any CPU
	EndGlobalSection
	GlobalSection(ProjectConfigurationPlatforms) = postSolution
		{FAB326E3-710A-49A2-86EE-D90E859E99B9}.Debug|Any CPU.ActiveCfg = Debug|Any CPU
		{FAB326E3-710A-49A2-86EE-D90E859E99B9}.Debug|Any CPU.Build.0 = Debug|Any CPU
		{FAB326E3-710A-49A2-86EE-D90E859E99B9}.Release|Any CPU.ActiveCfg = Release|Any CPU
		{FAB326E3-710A-49A2-86EE-D90E859E99B9}.Release|Any CPU.Build.0 = Release|Any CPU
		{9654F2D0-D4B5-45E7-A654-2D5BA1216175}.Debug|Any CPU.ActiveCfg = Debug|Any CPU
		{9654F2D0-D4B5-45E7-A654-2D5BA1216175}.Debug|Any CPU.Build.0 = Debug|Any CPU
		{9654F2D0-D4B5-45E7-A654-2D5BA1216175}.Release|Any CPU.ActiveCfg = Release|Any CPU
		{9654F2D0-D4B5-45E7-A654-2D5BA1216175}.Release|Any CPU.Build.0 = Release|Any CPU
		{2C3F86D0-65AB-4020-9E54-A79B6EDB66E6}.Debug|Any CPU.ActiveCfg = Debug|Any CPU
		{2C3F86D0-65AB-4020-9E54-A79B6EDB66E6}.Debug|Any CPU.Build.0 = Debug|Any CPU
		{2C3F86D0-65AB-4020-9E54-A79B6EDB66E6}.Release|Any CPU.ActiveCfg = Release|Any CPU
		{2C3F86D0-65AB-4020-9E54-A79B6EDB66E6}.Release|Any CPU.Build.0 = Release|Any CPU
		{C140B146-CBD9-4C4D-9B61-D10085C1D5FA}.Debug|Any CPU.ActiveCfg = Debug|Any CPU
		{C140B146-CBD9-4C4D-9B61-D10085C1D5FA}.Debug|Any CPU.Build.0 = Debug|Any CPU
		{C140B146-CBD9-4C4D-9B61-D10085C1D5FA}.Release|Any CPU.ActiveCfg = Release|Any CPU
		{C140B146-CBD9-4C4D-9B61-D10085C1D5FA}.Release|Any CPU.Build.0 = Release|Any CPU
	EndGlobalSection
	GlobalSection(SolutionProperties) = preSolution
		HideSolutionNode = FALSE
	EndGlobalSection
	GlobalSection(ExtensibilityGlobals) = postSolution
		SolutionGuid = {B02F3E0F-628F-48E9-8E85-0FD689C89F22}
	EndGlobalSection
EndGlobal
